schema: '2.0'
stages:
  generate_data:
    cmd: python -m src.generate_data --params params.yaml
    deps:
    - path: params.yaml
      hash: md5
      md5: 14866910406caa230767442db05f8bf1
      size: 599
    - path: src/config.py
      hash: md5
      md5: 0bf6489b32a1b3c8a5aba1b2fdc8b2cf
      size: 495
    - path: src/generate_data.py
      hash: md5
      md5: d21e7c3e059f0e82b9cdbc37a5fd6abe
      size: 5839
    params:
      params.yaml:
        data.label_noise: 0.04
        data.n_samples: 2000
        data.random_state: 60
        data.raw_path: data/raw/session_data.csv
        data.score_noise_std: 2.5
    outs:
    - path: data/raw/session_data.csv
      hash: md5
      md5: 7f26a960b344bbf539bf62f25238feac
      size: 101469
  prepare_data:
    cmd: python -m src.prepare_data --params params.yaml
    deps:
    - path: data/raw/session_data.csv
      hash: md5
      md5: 7f26a960b344bbf539bf62f25238feac
      size: 101469
    - path: params.yaml
      hash: md5
      md5: 14866910406caa230767442db05f8bf1
      size: 599
    - path: src/config.py
      hash: md5
      md5: 0bf6489b32a1b3c8a5aba1b2fdc8b2cf
      size: 495
    - path: src/prepare_data.py
      hash: md5
      md5: aa68f81038e6d7b743852baed6a1e6b4
      size: 2952
    params:
      params.yaml:
        data.processed_test_path: data/processed/test.csv
        data.processed_train_path: data/processed/train.csv
        data.raw_path: data/raw/session_data.csv
        split.random_state: 60
        split.stratify: true
        split.test_size: 0.25
    outs:
    - path: data/processed/test.csv
      hash: md5
      md5: 1135ea0687a417a714eadbf04e12579a
      size: 54176
    - path: data/processed/train.csv
      hash: md5
      md5: 824534065694bcd07ce110729ca4623c
      size: 161749
  train_model:
    cmd: python -m src.train_all --params params.yaml
    deps:
    - path: data/processed/test.csv
      hash: md5
      md5: 1135ea0687a417a714eadbf04e12579a
      size: 54176
    - path: data/processed/train.csv
      hash: md5
      md5: 824534065694bcd07ce110729ca4623c
      size: 161749
    - path: params.yaml
      hash: md5
      md5: 14866910406caa230767442db05f8bf1
      size: 599
    - path: src/config.py
      hash: md5
      md5: 0bf6489b32a1b3c8a5aba1b2fdc8b2cf
      size: 495
    - path: src/export_mlflow_evidence.py
      hash: md5
      md5: a5016f6895a703aa4455237827ee5ac0
      size: 2168
    - path: src/train.py
      hash: md5
      md5: f66a44fbf5bcd03ed9b820a5bdd12c40
      size: 8108
    - path: src/train_all.py
      hash: md5
      md5: 980e2e6ca9d2b20b45950ec430879922
      size: 2390
    params:
      params.yaml:
        mlflow.experiment_name: engagement_level_classification
        mlflow.tracking_uri: sqlite:///mlflow.db
        model.class_weight: balanced
        model.learning_rate: 0.1
        model.max_depth: 10
        model.max_iter: 1000
        model.n_estimators: 200
        model.random_state: 60
    outs:
    - path: models/classification_model.joblib
      hash: md5
      md5: 86fb8e3d7cbe25f3b1162c97df71f9d5
      size: 3137
    - path: reports/classification_report.txt
      hash: md5
      md5: 91001a96457bc2177282e7d65807c168
      size: 380
    - path: reports/confusion_matrix.png
      hash: md5
      md5: 33e6b8d2d3ee6ea97ef06998a2fa2e08
      size: 32577
    - path: reports/metrics.json
      hash: md5
      md5: 3563d9a646ff346f8d349f9bffda5bc5
      size: 136
    - path: reports/predictions.csv
      hash: md5
      md5: 515fcd61db288288b545f87834844fd0
      size: 5120
